<Solution>
  <Project Path="Assembly-CSharp.csproj" />
  <Project Path="DrawXXL.csproj" />
  <Project Path="Assembly-CSharp-Editor.csproj" />
  <Project Path="DrawXXL-Editor.csproj" />
  <Project Path="CoInspector.csproj" />
  <Project Path="TGSHDRPHelper.csproj" />
  <Project Path="TGSURPHelper.csproj" />
</Solution>
